{
  "lockfileVersion": 1,
  "configVersion": 0,
  "workspaces": {
    "": {
      "name": "bigocalculator",
      "dependencies": {
        "acorn": "^8.15.0",
        "readline-sync": "^1.4.10",
        "simple-statistics": "^7.8.8",
      },
    },
  },
  "packages": {
    "acorn": ["acorn@8.15.0", "", { "bin": "bin/acorn" }, "sha512-NZyJarBfL7nWwIq+FDL6Zp/yHEhePMNnnJ0y3qfieCrmNvYct8uvtiV41UvlSe6apAfk0fY1FbWx+NwfmpvtTg=="],

    "readline-sync": ["readline-sync@1.4.10", "", {}, "sha512-gNva8/6UAe8QYepIQH/jQ2qn91Qj0B9sYjMBBs3QOB8F2CXcKgLxQaJRP76sWVRQt+QU+8fAkCbCvjjMFu7Ycw=="],

    "simple-statistics": ["simple-statistics@7.8.8", "", {}, "sha512-CUtP0+uZbcbsFpqEyvNDYjJCl+612fNgjT8GaVuvMG7tBuJg8gXGpsP5M7X658zy0IcepWOZ6nPBu1Qb9ezA1w=="],
  }
}
